// !$*UTF8*$!
{
	archiveVersion = 1;
	classes = {
	};
	objectVersion = 46;
	objects = {

/* Begin PBXBuildFile section */
		2723784929ABACBA0059E2AA /* main.c in Sources */ = {isa = PBXBuildFile; fileRef = 2723784829ABACBA0059E2AA /* main.c */; };
		274DD7F629AC11C000D06266 /* server.c in Sources */ = {isa = PBXBuildFile; fileRef = 2723784F29ABACDA0059E2AA /* server.c */; };
		274DD7F729AC11C000D06266 /* http_server.h in Headers */ = {isa = PBXBuildFile; fileRef = 2723785029ABACDA0059E2AA /* http_server.h */; settings = {ATTRIBUTES = (Public, ); }; };
		274DD7F829AC11C000D06266 /* server.h in Headers */ = {isa = PBXBuildFile; fileRef = 2723785229ABAD580059E2AA /* server.h */; settings = {ATTRIBUTES = (Private, ); }; };
		274DD7F929AC11C000D06266 /* wrappers.c in Sources */ = {isa = PBXBuildFile; fileRef = 2723785329ABAFD30059E2AA /* wrappers.c */; };
		274DD7FA29AC11C000D06266 /* wrappers.h in Headers */ = {isa = PBXBuildFile; fileRef = 2723785429ABAFD30059E2AA /* wrappers.h */; settings = {ATTRIBUTES = (Private, ); }; };
		274DD7FB29AC11C000D06266 /* fds.c in Sources */ = {isa = PBXBuildFile; fileRef = 2723785629ABB8F30059E2AA /* fds.c */; };
		274DD7FC29AC11C000D06266 /* fds.h in Headers */ = {isa = PBXBuildFile; fileRef = 2723785729ABB8F30059E2AA /* fds.h */; settings = {ATTRIBUTES = (Private, ); }; };
		274DD7FD29AC11C000D06266 /* headers.c in Sources */ = {isa = PBXBuildFile; fileRef = 274DD7E229ABDA1700D06266 /* headers.c */; };
		274DD7FE29AC11C000D06266 /* headers.h in Headers */ = {isa = PBXBuildFile; fileRef = 274DD7E329ABDA1700D06266 /* headers.h */; settings = {ATTRIBUTES = (Private, ); }; };
		274DD80029AC11E900D06266 /* libhttp_server.a in Frameworks */ = {isa = PBXBuildFile; fileRef = 274DD7E929AC11B100D06266 /* libhttp_server.a */; };
		274DD81E29AC31F000D06266 /* microformats.h in Headers */ = {isa = PBXBuildFile; fileRef = 274DD81D29AC31F000D06266 /* microformats.h */; settings = {ATTRIBUTES = (Public, ); }; };
/* End PBXBuildFile section */

/* Begin PBXCopyFilesBuildPhase section */
		2723784329ABACBA0059E2AA /* CopyFiles */ = {
			isa = PBXCopyFilesBuildPhase;
			buildActionMask = 2147483647;
			dstPath = /usr/share/man/man1/;
			dstSubfolderSpec = 0;
			files = (
			);
			runOnlyForDeploymentPostprocessing = 1;
		};
/* End PBXCopyFilesBuildPhase section */

/* Begin PBXFileReference section */
		2723784529ABACBA0059E2AA /* http */ = {isa = PBXFileReference; explicitFileType = "compiled.mach-o.executable"; includeInIndex = 0; path = http; sourceTree = BUILT_PRODUCTS_DIR; };
		2723784829ABACBA0059E2AA /* main.c */ = {isa = PBXFileReference; lastKnownFileType = sourcecode.c.c; path = main.c; sourceTree = "<group>"; };
		2723784F29ABACDA0059E2AA /* server.c */ = {isa = PBXFileReference; lastKnownFileType = sourcecode.c.c; path = server.c; sourceTree = "<group>"; };
		2723785029ABACDA0059E2AA /* http_server.h */ = {isa = PBXFileReference; lastKnownFileType = sourcecode.c.h; path = http_server.h; sourceTree = "<group>"; };
		2723785229ABAD580059E2AA /* server.h */ = {isa = PBXFileReference; lastKnownFileType = sourcecode.c.h; path = server.h; sourceTree = "<group>"; };
		2723785329ABAFD30059E2AA /* wrappers.c */ = {isa = PBXFileReference; lastKnownFileType = sourcecode.c.c; path = wrappers.c; sourceTree = "<group>"; };
		2723785429ABAFD30059E2AA /* wrappers.h */ = {isa = PBXFileReference; lastKnownFileType = sourcecode.c.h; path = wrappers.h; sourceTree = "<group>"; };
		2723785629ABB8F30059E2AA /* fds.c */ = {isa = PBXFileReference; lastKnownFileType = sourcecode.c.c; path = fds.c; sourceTree = "<group>"; };
		2723785729ABB8F30059E2AA /* fds.h */ = {isa = PBXFileReference; lastKnownFileType = sourcecode.c.h; path = fds.h; sourceTree = "<group>"; };
		274DD7E229ABDA1700D06266 /* headers.c */ = {isa = PBXFileReference; lastKnownFileType = sourcecode.c.c; path = headers.c; sourceTree = "<group>"; };
		274DD7E329ABDA1700D06266 /* headers.h */ = {isa = PBXFileReference; lastKnownFileType = sourcecode.c.h; path = headers.h; sourceTree = "<group>"; };
		274DD7E929AC11B100D06266 /* libhttp_server.a */ = {isa = PBXFileReference; explicitFileType = archive.ar; includeInIndex = 0; path = libhttp_server.a; sourceTree = BUILT_PRODUCTS_DIR; };
		274DD81829AC31DD00D06266 /* libmicroformats.a */ = {isa = PBXFileReference; explicitFileType = archive.ar; includeInIndex = 0; path = libmicroformats.a; sourceTree = BUILT_PRODUCTS_DIR; };
		274DD81D29AC31F000D06266 /* microformats.h */ = {isa = PBXFileReference; lastKnownFileType = sourcecode.c.h; path = microformats.h; sourceTree = "<group>"; };
/* End PBXFileReference section */

/* Begin PBXFrameworksBuildPhase section */
		2723784229ABACBA0059E2AA /* Frameworks */ = {
			isa = PBXFrameworksBuildPhase;
			buildActionMask = 2147483647;
			files = (
				274DD80029AC11E900D06266 /* libhttp_server.a in Frameworks */,
			);
			runOnlyForDeploymentPostprocessing = 0;
		};
		274DD7E629AC11B100D06266 /* Frameworks */ = {
			isa = PBXFrameworksBuildPhase;
			buildActionMask = 2147483647;
			files = (
			);
			runOnlyForDeploymentPostprocessing = 0;
		};
		274DD81529AC31DD00D06266 /* Frameworks */ = {
			isa = PBXFrameworksBuildPhase;
			buildActionMask = 2147483647;
			files = (
			);
			runOnlyForDeploymentPostprocessing = 0;
		};
/* End PBXFrameworksBuildPhase section */

/* Begin PBXGroup section */
		2723783C29ABACBA0059E2AA = {
			isa = PBXGroup;
			children = (
				274DD81C29AC31E100D06266 /* microformats */,
				274DD80129AC12D300D06266 /* http */,
				2723784729ABACBA0059E2AA /* http_server */,
				2723784629ABACBA0059E2AA /* Products */,
				274DD7FF29AC11E900D06266 /* Frameworks */,
			);
			sourceTree = "<group>";
		};
		2723784629ABACBA0059E2AA /* Products */ = {
			isa = PBXGroup;
			children = (
				2723784529ABACBA0059E2AA /* http */,
				274DD7E929AC11B100D06266 /* libhttp_server.a */,
				274DD81829AC31DD00D06266 /* libmicroformats.a */,
			);
			name = Products;
			sourceTree = "<group>";
		};
		2723784729ABACBA0059E2AA /* http_server */ = {
			isa = PBXGroup;
			children = (
				2723784F29ABACDA0059E2AA /* server.c */,
				2723785029ABACDA0059E2AA /* http_server.h */,
				2723785229ABAD580059E2AA /* server.h */,
				2723785329ABAFD30059E2AA /* wrappers.c */,
				2723785429ABAFD30059E2AA /* wrappers.h */,
				2723785629ABB8F30059E2AA /* fds.c */,
				2723785729ABB8F30059E2AA /* fds.h */,
				274DD7E229ABDA1700D06266 /* headers.c */,
				274DD7E329ABDA1700D06266 /* headers.h */,
			);
			path = http_server;
			sourceTree = "<group>";
		};
		274DD7FF29AC11E900D06266 /* Frameworks */ = {
			isa = PBXGroup;
			children = (
			);
			name = Frameworks;
			sourceTree = "<group>";
		};
		274DD80129AC12D300D06266 /* http */ = {
			isa = PBXGroup;
			children = (
				2723784829ABACBA0059E2AA /* main.c */,
			);
			path = http;
			sourceTree = "<group>";
		};
		274DD81C29AC31E100D06266 /* microformats */ = {
			isa = PBXGroup;
			children = (
				274DD81D29AC31F000D06266 /* microformats.h */,
			);
			path = microformats;
			sourceTree = "<group>";
		};
/* End PBXGroup section */

/* Begin PBXHeadersBuildPhase section */
		274DD7E729AC11B100D06266 /* Headers */ = {
			isa = PBXHeadersBuildPhase;
			buildActionMask = 2147483647;
			files = (
				274DD7FC29AC11C000D06266 /* fds.h in Headers */,
				274DD7F729AC11C000D06266 /* http_server.h in Headers */,
				274DD7F829AC11C000D06266 /* server.h in Headers */,
				274DD7FA29AC11C000D06266 /* wrappers.h in Headers */,
				274DD7FE29AC11C000D06266 /* headers.h in Headers */,
			);
			runOnlyForDeploymentPostprocessing = 0;
		};
		274DD81629AC31DD00D06266 /* Headers */ = {
			isa = PBXHeadersBuildPhase;
			buildActionMask = 2147483647;
			files = (
				274DD81E29AC31F000D06266 /* microformats.h in Headers */,
			);
			runOnlyForDeploymentPostprocessing = 0;
		};
/* End PBXHeadersBuildPhase section */

/* Begin PBXNativeTarget section */
		2723784429ABACBA0059E2AA /* http */ = {
			isa = PBXNativeTarget;
			buildConfigurationList = 2723784C29ABACBA0059E2AA /* Build configuration list for PBXNativeTarget "http" */;
			buildPhases = (
				2723784129ABACBA0059E2AA /* Sources */,
				2723784229ABACBA0059E2AA /* Frameworks */,
				2723784329ABACBA0059E2AA /* CopyFiles */,
			);
			buildRules = (
			);
			dependencies = (
			);
			name = http;
			productName = http_server;
			productReference = 2723784529ABACBA0059E2AA /* http */;
			productType = "com.apple.product-type.tool";
		};
		274DD7E829AC11B100D06266 /* http_server */ = {
			isa = PBXNativeTarget;
			buildConfigurationList = 274DD7EA29AC11B100D06266 /* Build configuration list for PBXNativeTarget "http_server" */;
			buildPhases = (
				274DD7E529AC11B100D06266 /* Sources */,
				274DD7E629AC11B100D06266 /* Frameworks */,
				274DD7E729AC11B100D06266 /* Headers */,
			);
			buildRules = (
			);
			dependencies = (
			);
			name = http_server;
			productName = http_server;
			productReference = 274DD7E929AC11B100D06266 /* libhttp_server.a */;
			productType = "com.apple.product-type.library.static";
		};
		274DD81729AC31DD00D06266 /* microformats */ = {
			isa = PBXNativeTarget;
			buildConfigurationList = 274DD81929AC31DD00D06266 /* Build configuration list for PBXNativeTarget "microformats" */;
			buildPhases = (
				274DD81429AC31DD00D06266 /* Sources */,
				274DD81529AC31DD00D06266 /* Frameworks */,
				274DD81629AC31DD00D06266 /* Headers */,
			);
			buildRules = (
			);
			dependencies = (
			);
			name = microformats;
			productName = microformats;
			productReference = 274DD81829AC31DD00D06266 /* libmicroformats.a */;
			productType = "com.apple.product-type.library.static";
		};
/* End PBXNativeTarget section */

/* Begin PBXProject section */
		2723783D29ABACBA0059E2AA /* Project object */ = {
			isa = PBXProject;
			attributes = {
				LastUpgradeCheck = 0910;
				ORGANIZATIONNAME = "Tim K.";
				TargetAttributes = {
					2723784429ABACBA0059E2AA = {
						CreatedOnToolsVersion = 9.1;
						ProvisioningStyle = Automatic;
					};
					274DD7E829AC11B100D06266 = {
						CreatedOnToolsVersion = 9.1;
						ProvisioningStyle = Automatic;
					};
					274DD81729AC31DD00D06266 = {
						CreatedOnToolsVersion = 9.1;
						ProvisioningStyle = Automatic;
					};
				};
			};
			buildConfigurationList = 2723784029ABACBA0059E2AA /* Build configuration list for PBXProject "http_server" */;
			compatibilityVersion = "Xcode 3.2";
			developmentRegion = en;
			hasScannedForEncodings = 0;
			knownRegions = (
				en,
			);
			mainGroup = 2723783C29ABACBA0059E2AA;
			productRefGroup = 2723784629ABACBA0059E2AA /* Products */;
			projectDirPath = "";
			projectRoot = "";
			targets = (
				2723784429ABACBA0059E2AA /* http */,
				274DD7E829AC11B100D06266 /* http_server */,
				274DD81729AC31DD00D06266 /* microformats */,
			);
		};
/* End PBXProject section */

/* Begin PBXSourcesBuildPhase section */
		2723784129ABACBA0059E2AA /* Sources */ = {
			isa = PBXSourcesBuildPhase;
			buildActionMask = 2147483647;
			files = (
				2723784929ABACBA0059E2AA /* main.c in Sources */,
			);
			runOnlyForDeploymentPostprocessing = 0;
		};
		274DD7E529AC11B100D06266 /* Sources */ = {
			isa = PBXSourcesBuildPhase;
			buildActionMask = 2147483647;
			files = (
				274DD7FB29AC11C000D06266 /* fds.c in Sources */,
				274DD7F629AC11C000D06266 /* server.c in Sources */,
				274DD7FD29AC11C000D06266 /* headers.c in Sources */,
				274DD7F929AC11C000D06266 /* wrappers.c in Sources */,
			);
			runOnlyForDeploymentPostprocessing = 0;
		};
		274DD81429AC31DD00D06266 /* Sources */ = {
			isa = PBXSourcesBuildPhase;
			buildActionMask = 2147483647;
			files = (
			);
			runOnlyForDeploymentPostprocessing = 0;
		};
/* End PBXSourcesBuildPhase section */

/* Begin XCBuildConfiguration section */
		2723784A29ABACBA0059E2AA /* Debug */ = {
			isa = XCBuildConfiguration;
			buildSettings = {
				ALWAYS_SEARCH_USER_PATHS = NO;
				CLANG_ANALYZER_NONNULL = YES;
				CLANG_ANALYZER_NUMBER_OBJECT_CONVERSION = YES_AGGRESSIVE;
				CLANG_CXX_LANGUAGE_STANDARD = "gnu++14";
				CLANG_CXX_LIBRARY = "libc++";
				CLANG_ENABLE_MODULES = YES;
				CLANG_ENABLE_OBJC_ARC = YES;
				CLANG_WARN_BLOCK_CAPTURE_AUTORELEASING = YES;
				CLANG_WARN_BOOL_CONVERSION = YES;
				CLANG_WARN_COMMA = YES;
				CLANG_WARN_CONSTANT_CONVERSION = YES;
				CLANG_WARN_DIRECT_OBJC_ISA_USAGE = YES_ERROR;
				CLANG_WARN_DOCUMENTATION_COMMENTS = YES;
				CLANG_WARN_EMPTY_BODY = YES;
				CLANG_WARN_ENUM_CONVERSION = YES;
				CLANG_WARN_INFINITE_RECURSION = YES;
				CLANG_WARN_INT_CONVERSION = YES;
				CLANG_WARN_NON_LITERAL_NULL_CONVERSION = YES;
				CLANG_WARN_OBJC_LITERAL_CONVERSION = YES;
				CLANG_WARN_OBJC_ROOT_CLASS = YES_ERROR;
				CLANG_WARN_RANGE_LOOP_ANALYSIS = YES;
				CLANG_WARN_STRICT_PROTOTYPES = YES;
				CLANG_WARN_SUSPICIOUS_MOVE = YES;
				CLANG_WARN_UNGUARDED_AVAILABILITY = YES_AGGRESSIVE;
				CLANG_WARN_UNREACHABLE_CODE = YES;
				CLANG_WARN__DUPLICATE_METHOD_MATCH = YES;
				CODE_SIGN_IDENTITY = "-";
				COPY_PHASE_STRIP = NO;
				DEBUG_INFORMATION_FORMAT = dwarf;
				ENABLE_STRICT_OBJC_MSGSEND = YES;
				ENABLE_TESTABILITY = YES;
				GCC_C_LANGUAGE_STANDARD = c99;
				GCC_DYNAMIC_NO_PIC = NO;
				GCC_NO_COMMON_BLOCKS = YES;
				GCC_OPTIMIZATION_LEVEL = 0;
				GCC_PREPROCESSOR_DEFINITIONS = (
					"DEBUG=1",
					"$(inherited)",
				);
				GCC_WARN_64_TO_32_BIT_CONVERSION = YES;
				GCC_WARN_ABOUT_RETURN_TYPE = YES_ERROR;
				GCC_WARN_UNDECLARED_SELECTOR = YES;
				GCC_WARN_UNINITIALIZED_AUTOS = YES_AGGRESSIVE;
				GCC_WARN_UNUSED_FUNCTION = YES;
				GCC_WARN_UNUSED_VARIABLE = YES;
				MACOSX_DEPLOYMENT_TARGET = 10.6;
				MTL_ENABLE_DEBUG_INFO = YES;
				ONLY_ACTIVE_ARCH = YES;
				SDKROOT = macosx;
			};
			name = Debug;
		};
		2723784B29ABACBA0059E2AA /* Release */ = {
			isa = XCBuildConfiguration;
			buildSettings = {
				ALWAYS_SEARCH_USER_PATHS = NO;
				CLANG_ANALYZER_NONNULL = YES;
				CLANG_ANALYZER_NUMBER_OBJECT_CONVERSION = YES_AGGRESSIVE;
				CLANG_CXX_LANGUAGE_STANDARD = "gnu++14";
				CLANG_CXX_LIBRARY = "libc++";
				CLANG_ENABLE_MODULES = YES;
				CLANG_ENABLE_OBJC_ARC = YES;
				CLANG_WARN_BLOCK_CAPTURE_AUTORELEASING = YES;
				CLANG_WARN_BOOL_CONVERSION = YES;
				CLANG_WARN_COMMA = YES;
				CLANG_WARN_CONSTANT_CONVERSION = YES;
				CLANG_WARN_DIRECT_OBJC_ISA_USAGE = YES_ERROR;
				CLANG_WARN_DOCUMENTATION_COMMENTS = YES;
				CLANG_WARN_EMPTY_BODY = YES;
				CLANG_WARN_ENUM_CONVERSION = YES;
				CLANG_WARN_INFINITE_RECURSION = YES;
				CLANG_WARN_INT_CONVERSION = YES;
				CLANG_WARN_NON_LITERAL_NULL_CONVERSION = YES;
				CLANG_WARN_OBJC_LITERAL_CONVERSION = YES;
				CLANG_WARN_OBJC_ROOT_CLASS = YES_ERROR;
				CLANG_WARN_RANGE_LOOP_ANALYSIS = YES;
				CLANG_WARN_STRICT_PROTOTYPES = YES;
				CLANG_WARN_SUSPICIOUS_MOVE = YES;
				CLANG_WARN_UNGUARDED_AVAILABILITY = YES_AGGRESSIVE;
				CLANG_WARN_UNREACHABLE_CODE = YES;
				CLANG_WARN__DUPLICATE_METHOD_MATCH = YES;
				CODE_SIGN_IDENTITY = "-";
				COPY_PHASE_STRIP = NO;
				DEBUG_INFORMATION_FORMAT = "dwarf-with-dsym";
				ENABLE_NS_ASSERTIONS = NO;
				ENABLE_STRICT_OBJC_MSGSEND = YES;
				GCC_C_LANGUAGE_STANDARD = c99;
				GCC_NO_COMMON_BLOCKS = YES;
				GCC_WARN_64_TO_32_BIT_CONVERSION = YES;
				GCC_WARN_ABOUT_RETURN_TYPE = YES_ERROR;
				GCC_WARN_UNDECLARED_SELECTOR = YES;
				GCC_WARN_UNINITIALIZED_AUTOS = YES_AGGRESSIVE;
				GCC_WARN_UNUSED_FUNCTION = YES;
				GCC_WARN_UNUSED_VARIABLE = YES;
				MACOSX_DEPLOYMENT_TARGET = 10.6;
				MTL_ENABLE_DEBUG_INFO = NO;
				SDKROOT = macosx;
			};
			name = Release;
		};
		2723784D29ABACBA0059E2AA /* Debug */ = {
			isa = XCBuildConfiguration;
			buildSettings = {
				CODE_SIGN_STYLE = Automatic;
				PRODUCT_NAME = "$(TARGET_NAME)";
			};
			name = Debug;
		};
		2723784E29ABACBA0059E2AA /* Release */ = {
			isa = XCBuildConfiguration;
			buildSettings = {
				CODE_SIGN_STYLE = Automatic;
				PRODUCT_NAME = "$(TARGET_NAME)";
			};
			name = Release;
		};
		274DD7EB29AC11B100D06266 /* Debug */ = {
			isa = XCBuildConfiguration;
			buildSettings = {
				CODE_SIGN_STYLE = Automatic;
				EXECUTABLE_PREFIX = lib;
				PRODUCT_NAME = "$(TARGET_NAME)";
			};
			name = Debug;
		};
		274DD7EC29AC11B100D06266 /* Release */ = {
			isa = XCBuildConfiguration;
			buildSettings = {
				CODE_SIGN_STYLE = Automatic;
				EXECUTABLE_PREFIX = lib;
				PRODUCT_NAME = "$(TARGET_NAME)";
			};
			name = Release;
		};
		274DD81A29AC31DD00D06266 /* Debug */ = {
			isa = XCBuildConfiguration;
			buildSettings = {
				CODE_SIGN_STYLE = Automatic;
				EXECUTABLE_PREFIX = lib;
				GCC_C_LANGUAGE_STANDARD = gnu11;
				MACOSX_DEPLOYMENT_TARGET = 10.12;
				PRODUCT_NAME = "$(TARGET_NAME)";
			};
			name = Debug;
		};
		274DD81B29AC31DD00D06266 /* Release */ = {
			isa = XCBuildConfiguration;
			buildSettings = {
				CODE_SIGN_STYLE = Automatic;
				EXECUTABLE_PREFIX = lib;
				GCC_C_LANGUAGE_STANDARD = gnu11;
				MACOSX_DEPLOYMENT_TARGET = 10.12;
				PRODUCT_NAME = "$(TARGET_NAME)";
			};
			name = Release;
		};
/* End XCBuildConfiguration section */

/* Begin XCConfigurationList section */
		2723784029ABACBA0059E2AA /* Build configuration list for PBXProject "http_server" */ = {
			isa = XCConfigurationList;
			buildConfigurations = (
				2723784A29ABACBA0059E2AA /* Debug */,
				2723784B29ABACBA0059E2AA /* Release */,
			);
			defaultConfigurationIsVisible = 0;
			defaultConfigurationName = Release;
		};
		2723784C29ABACBA0059E2AA /* Build configuration list for PBXNativeTarget "http" */ = {
			isa = XCConfigurationList;
			buildConfigurations = (
				2723784D29ABACBA0059E2AA /* Debug */,
				2723784E29ABACBA0059E2AA /* Release */,
			);
			defaultConfigurationIsVisible = 0;
			defaultConfigurationName = Release;
		};
		274DD7EA29AC11B100D06266 /* Build configuration list for PBXNativeTarget "http_server" */ = {
			isa = XCConfigurationList;
			buildConfigurations = (
				274DD7EB29AC11B100D06266 /* Debug */,
				274DD7EC29AC11B100D06266 /* Release */,
			);
			defaultConfigurationIsVisible = 0;
			defaultConfigurationName = Release;
		};
		274DD81929AC31DD00D06266 /* Build configuration list for PBXNativeTarget "microformats" */ = {
			isa = XCConfigurationList;
			buildConfigurations = (
				274DD81A29AC31DD00D06266 /* Debug */,
				274DD81B29AC31DD00D06266 /* Release */,
			);
			defaultConfigurationIsVisible = 0;
			defaultConfigurationName = Release;
		};
/* End XCConfigurationList section */
	};
	rootObject = 2723783D29ABACBA0059E2AA /* Project object */;
}
